
Microsoft Visual Studio Solution File, Format Version 12.00
# Visual Studio Version 17
VisualStudioVersion = 17.7.34202.233
MinimumVisualStudioVersion = 10.0.40219.1
Project("{FAE04EC0-301F-11D3-BF4B-00C04F79EFBC}") = "Flappy_Bird", "Flappy_Bird\Flappy_Bird.csproj", "{6497B474-2AA9-4070-A652-449851FCF03B}"
EndProject
Global
	GlobalSection(SolutionConfigurationPlatforms) = preSolution
		Debug|Any CPU = Debug|Any CPU
		Release|Any CPU = Release|Any CPU
	EndGlobalSection
	GlobalSection(ProjectConfigurationPlatforms) = postSolution
		{6497B474-2AA9-4070-A652-449851FCF03B}.Debug|Any CPU.ActiveCfg = Debug|Any CPU
		{6497B474-2AA9-4070-A652-449851FCF03B}.Debug|Any CPU.Build.0 = Debug|Any CPU
		{6497B474-2AA9-4070-A652-449851FCF03B}.Release|Any CPU.ActiveCfg = Release|Any CPU
		{6497B474-2AA9-4070-A652-449851FCF03B}.Release|Any CPU.Build.0 = Release|Any CPU
	EndGlobalSection
	GlobalSection(SolutionProperties) = preSolution
		HideSolutionNode = FALSE
	EndGlobalSection
	GlobalSection(ExtensibilityGlobals) = postSolution
		SolutionGuid = {74C2AD05-9125-402C-A6B1-B8270AFDA8C8}
	EndGlobalSection
EndGlobal
